lockfileVersion: '9.0'

settings:
  autoInstallPeers: true
  excludeLinksFromLockfile: false

importers:

  .:
    dependencies:
      diff:
        specifier: ^5.1.0
        version: 5.1.0
    devDependencies:
      '@types/diff':
        specifier: ^6.0.0
        version: 6.0.0

packages:

  '@types/diff@6.0.0':
    resolution: {integrity: sha512-dhVCYGv3ZSbzmQaBSagrv1WJ6rXCdkyTcDyoNu1MD8JohI7pR7k8wdZEm+mvdxRKXyHVwckFzWU1vJc+Z29MlA==}

  diff@5.1.0:
    resolution: {integrity: sha512-D+mk+qE8VC/PAUrlAU34N+VfXev0ghe5ywmpqrawphmVZc1bEfn56uo9qpyGp1p4xpzOHkSW4ztBd6L7Xx4ACw==}
    engines: {node: '>=0.3.1'}

snapshots:

  '@types/diff@6.0.0': {}

  diff@5.1.0: {}
